// !$*UTF8*$!
{
	archiveVersion = 1;
	classes = {
	};
	objectVersion = 46;
	objects = {

/* Begin PBXBuildFile section */
		7206BB921C6BF91D0051061C /* GlobalVariables.cpp in Sources */ = {isa = PBXBuildFile; fileRef = 7206BB861C6BF91D0051061C /* GlobalVariables.cpp */; };
		7206BB931C6BF91D0051061C /* main.cpp in Sources */ = {isa = PBXBuildFile; fileRef = 7206BB891C6BF91D0051061C /* main.cpp */; };
		7206BB951C6BF91D0051061C /* Modules.cpp in Sources */ = {isa = PBXBuildFile; fileRef = 7206BB8B1C6BF91D0051061C /* Modules.cpp */; };
		7206BB961C6BF91D0051061C /* Programs.cpp in Sources */ = {isa = PBXBuildFile; fileRef = 7206BB8D1C6BF91D0051061C /* Programs.cpp */; };
/* End PBXBuildFile section */

/* Begin PBXCopyFilesBuildPhase section */
		7206BB7A1C6BF8D50051061C /* CopyFiles */ = {
			isa = PBXCopyFilesBuildPhase;
			buildActionMask = 2147483647;
			dstPath = /usr/share/man/man1/;
			dstSubfolderSpec = 0;
			files = (
			);
			runOnlyForDeploymentPostprocessing = 1;
		};
/* End PBXCopyFilesBuildPhase section */

/* Begin PBXFileReference section */
		7206BB7C1C6BF8D50051061C /* ctools */ = {isa = PBXFileReference; explicitFileType = "compiled.mach-o.executable"; includeInIndex = 0; path = ctools; sourceTree = BUILT_PRODUCTS_DIR; };
		7206BB861C6BF91D0051061C /* GlobalVariables.cpp */ = {isa = PBXFileReference; fileEncoding = 4; lastKnownFileType = sourcecode.cpp.cpp; path = GlobalVariables.cpp; sourceTree = "<group>"; };
		7206BB871C6BF91D0051061C /* GlobalVariables.h */ = {isa = PBXFileReference; fileEncoding = 4; lastKnownFileType = sourcecode.c.h; path = GlobalVariables.h; sourceTree = "<group>"; };
		7206BB891C6BF91D0051061C /* main.cpp */ = {isa = PBXFileReference; fileEncoding = 4; lastKnownFileType = sourcecode.cpp.cpp; path = main.cpp; sourceTree = "<group>"; };
		7206BB8B1C6BF91D0051061C /* Modules.cpp */ = {isa = PBXFileReference; fileEncoding = 4; lastKnownFileType = sourcecode.cpp.cpp; path = Modules.cpp; sourceTree = "<group>"; };
		7206BB8C1C6BF91D0051061C /* Modules.h */ = {isa = PBXFileReference; fileEncoding = 4; lastKnownFileType = sourcecode.c.h; path = Modules.h; sourceTree = "<group>"; };
		7206BB8D1C6BF91D0051061C /* Programs.cpp */ = {isa = PBXFileReference; fileEncoding = 4; lastKnownFileType = sourcecode.cpp.cpp; path = Programs.cpp; sourceTree = "<group>"; };
		7206BB8E1C6BF91D0051061C /* Programs.h */ = {isa = PBXFileReference; fileEncoding = 4; lastKnownFileType = sourcecode.c.h; path = Programs.h; sourceTree = "<group>"; };
/* End PBXFileReference section */

/* Begin PBXFrameworksBuildPhase section */
		7206BB791C6BF8D50051061C /* Frameworks */ = {
			isa = PBXFrameworksBuildPhase;
			buildActionMask = 2147483647;
			files = (
			);
			runOnlyForDeploymentPostprocessing = 0;
		};
/* End PBXFrameworksBuildPhase section */

/* Begin PBXGroup section */
		7206BB731C6BF8D50051061C = {
			isa = PBXGroup;
			children = (
				7206BB7E1C6BF8D50051061C /* ctools */,
				7206BB7D1C6BF8D50051061C /* Products */,
			);
			sourceTree = "<group>";
		};
		7206BB7D1C6BF8D50051061C /* Products */ = {
			isa = PBXGroup;
			children = (
				7206BB7C1C6BF8D50051061C /* ctools */,
			);
			name = Products;
			sourceTree = "<group>";
		};
		7206BB7E1C6BF8D50051061C /* ctools */ = {
			isa = PBXGroup;
			children = (
				7206BB861C6BF91D0051061C /* GlobalVariables.cpp */,
				7206BB871C6BF91D0051061C /* GlobalVariables.h */,
				7206BB891C6BF91D0051061C /* main.cpp */,
				7206BB8B1C6BF91D0051061C /* Modules.cpp */,
				7206BB8C1C6BF91D0051061C /* Modules.h */,
				7206BB8D1C6BF91D0051061C /* Programs.cpp */,
				7206BB8E1C6BF91D0051061C /* Programs.h */,
			);
			path = ctools;
			sourceTree = "<group>";
		};
/* End PBXGroup section */

/* Begin PBXNativeTarget section */
		7206BB7B1C6BF8D50051061C /* ctools */ = {
			isa = PBXNativeTarget;
			buildConfigurationList = 7206BB831C6BF8D50051061C /* Build configuration list for PBXNativeTarget "ctools" */;
			buildPhases = (
				7206BB781C6BF8D50051061C /* Sources */,
				7206BB791C6BF8D50051061C /* Frameworks */,
				7206BB7A1C6BF8D50051061C /* CopyFiles */,
			);
			buildRules = (
			);
			dependencies = (
			);
			name = ctools;
			productName = ctools;
			productReference = 7206BB7C1C6BF8D50051061C /* ctools */;
			productType = "com.apple.product-type.tool";
		};
/* End PBXNativeTarget section */

/* Begin PBXProject section */
		7206BB741C6BF8D50051061C /* Project object */ = {
			isa = PBXProject;
			attributes = {
				LastUpgradeCheck = 0720;
				ORGANIZATIONNAME = "Chin Ting Chan";
				TargetAttributes = {
					7206BB7B1C6BF8D50051061C = {
						CreatedOnToolsVersion = 7.2.1;
					};
				};
			};
			buildConfigurationList = 7206BB771C6BF8D50051061C /* Build configuration list for PBXProject "ctools" */;
			compatibilityVersion = "Xcode 3.2";
			developmentRegion = English;
			hasScannedForEncodings = 0;
			knownRegions = (
				en,
			);
			mainGroup = 7206BB731C6BF8D50051061C;
			productRefGroup = 7206BB7D1C6BF8D50051061C /* Products */;
			projectDirPath = "";
			projectRoot = "";
			targets = (
				7206BB7B1C6BF8D50051061C /* ctools */,
			);
		};
/* End PBXProject section */

/* Begin PBXSourcesBuildPhase section */
		7206BB781C6BF8D50051061C /* Sources */ = {
			isa = PBXSourcesBuildPhase;
			buildActionMask = 2147483647;
			files = (
				7206BB931C6BF91D0051061C /* main.cpp in Sources */,
				7206BB961C6BF91D0051061C /* Programs.cpp in Sources */,
				7206BB951C6BF91D0051061C /* Modules.cpp in Sources */,
				7206BB921C6BF91D0051061C /* GlobalVariables.cpp in Sources */,
			);
			runOnlyForDeploymentPostprocessing = 0;
		};
/* End PBXSourcesBuildPhase section */

/* Begin XCBuildConfiguration section */
		7206BB811C6BF8D50051061C /* Debug */ = {
			isa = XCBuildConfiguration;
			buildSettings = {
				ALWAYS_SEARCH_USER_PATHS = NO;
				CLANG_CXX_LANGUAGE_STANDARD = "gnu++0x";
				CLANG_CXX_LIBRARY = "libc++";
				CLANG_ENABLE_MODULES = YES;
				CLANG_ENABLE_OBJC_ARC = YES;
				CLANG_WARN_BOOL_CONVERSION = YES;
				CLANG_WARN_CONSTANT_CONVERSION = YES;
				CLANG_WARN_DIRECT_OBJC_ISA_USAGE = YES_ERROR;
				CLANG_WARN_EMPTY_BODY = YES;
				CLANG_WARN_ENUM_CONVERSION = YES;
				CLANG_WARN_INT_CONVERSION = YES;
				CLANG_WARN_OBJC_ROOT_CLASS = YES_ERROR;
				CLANG_WARN_UNREACHABLE_CODE = YES;
				CLANG_WARN__DUPLICATE_METHOD_MATCH = YES;
				CODE_SIGN_IDENTITY = "-";
				COPY_PHASE_STRIP = NO;
				DEBUG_INFORMATION_FORMAT = dwarf;
				ENABLE_STRICT_OBJC_MSGSEND = YES;
				ENABLE_TESTABILITY = YES;
				GCC_C_LANGUAGE_STANDARD = gnu99;
				GCC_DYNAMIC_NO_PIC = NO;
				GCC_NO_COMMON_BLOCKS = YES;
				GCC_OPTIMIZATION_LEVEL = 0;
				GCC_PREPROCESSOR_DEFINITIONS = (
					"DEBUG=1",
					"$(inherited)",
				);
				GCC_WARN_64_TO_32_BIT_CONVERSION = YES;
				GCC_WARN_ABOUT_RETURN_TYPE = YES_ERROR;
				GCC_WARN_UNDECLARED_SELECTOR = YES;
				GCC_WARN_UNINITIALIZED_AUTOS = YES_AGGRESSIVE;
				GCC_WARN_UNUSED_FUNCTION = YES;
				GCC_WARN_UNUSED_VARIABLE = YES;
				MACOSX_DEPLOYMENT_TARGET = 10.11;
				MTL_ENABLE_DEBUG_INFO = YES;
				ONLY_ACTIVE_ARCH = YES;
				SDKROOT = macosx;
			};
			name = Debug;
		};
		7206BB821C6BF8D50051061C /* Release */ = {
			isa = XCBuildConfiguration;
			buildSettings = {
				ALWAYS_SEARCH_USER_PATHS = NO;
				CLANG_CXX_LANGUAGE_STANDARD = "gnu++0x";
				CLANG_CXX_LIBRARY = "libc++";
				CLANG_ENABLE_MODULES = YES;
				CLANG_ENABLE_OBJC_ARC = YES;
				CLANG_WARN_BOOL_CONVERSION = YES;
				CLANG_WARN_CONSTANT_CONVERSION = YES;
				CLANG_WARN_DIRECT_OBJC_ISA_USAGE = YES_ERROR;
				CLANG_WARN_EMPTY_BODY = YES;
				CLANG_WARN_ENUM_CONVERSION = YES;
				CLANG_WARN_INT_CONVERSION = YES;
				CLANG_WARN_OBJC_ROOT_CLASS = YES_ERROR;
				CLANG_WARN_UNREACHABLE_CODE = YES;
				CLANG_WARN__DUPLICATE_METHOD_MATCH = YES;
				CODE_SIGN_IDENTITY = "-";
				COPY_PHASE_STRIP = NO;
				DEBUG_INFORMATION_FORMAT = "dwarf-with-dsym";
				ENABLE_NS_ASSERTIONS = NO;
				ENABLE_STRICT_OBJC_MSGSEND = YES;
				GCC_C_LANGUAGE_STANDARD = gnu99;
				GCC_NO_COMMON_BLOCKS = YES;
				GCC_WARN_64_TO_32_BIT_CONVERSION = YES;
				GCC_WARN_ABOUT_RETURN_TYPE = YES_ERROR;
				GCC_WARN_UNDECLARED_SELECTOR = YES;
				GCC_WARN_UNINITIALIZED_AUTOS = YES_AGGRESSIVE;
				GCC_WARN_UNUSED_FUNCTION = YES;
				GCC_WARN_UNUSED_VARIABLE = YES;
				MACOSX_DEPLOYMENT_TARGET = 10.11;
				MTL_ENABLE_DEBUG_INFO = NO;
				SDKROOT = macosx;
			};
			name = Release;
		};
		7206BB841C6BF8D50051061C /* Debug */ = {
			isa = XCBuildConfiguration;
			buildSettings = {
				PRODUCT_NAME = "$(TARGET_NAME)";
			};
			name = Debug;
		};
		7206BB851C6BF8D50051061C /* Release */ = {
			isa = XCBuildConfiguration;
			buildSettings = {
				PRODUCT_NAME = "$(TARGET_NAME)";
			};
			name = Release;
		};
/* End XCBuildConfiguration section */

/* Begin XCConfigurationList section */
		7206BB771C6BF8D50051061C /* Build configuration list for PBXProject "ctools" */ = {
			isa = XCConfigurationList;
			buildConfigurations = (
				7206BB811C6BF8D50051061C /* Debug */,
				7206BB821C6BF8D50051061C /* Release */,
			);
			defaultConfigurationIsVisible = 0;
			defaultConfigurationName = Release;
		};
		7206BB831C6BF8D50051061C /* Build configuration list for PBXNativeTarget "ctools" */ = {
			isa = XCConfigurationList;
			buildConfigurations = (
				7206BB841C6BF8D50051061C /* Debug */,
				7206BB851C6BF8D50051061C /* Release */,
			);
			defaultConfigurationIsVisible = 0;
			defaultConfigurationName = Release;
		};
/* End XCConfigurationList section */
	};
	rootObject = 7206BB741C6BF8D50051061C /* Project object */;
}
