// !$*UTF8*$!
{
	archiveVersion = 1;
	classes = {
	};
	objectVersion = 46;
	objects = {

/* Begin PBXBuildFile section */
		72649FEF1C6E5FE600A81B04 /* GlobalVariables.cpp in Sources */ = {isa = PBXBuildFile; fileRef = 72649FE41C6E5FE600A81B04 /* GlobalVariables.cpp */; };
		72649FF01C6E5FE600A81B04 /* main.cpp in Sources */ = {isa = PBXBuildFile; fileRef = 72649FE61C6E5FE600A81B04 /* main.cpp */; };
		72649FF11C6E5FE600A81B04 /* Modules.cpp in Sources */ = {isa = PBXBuildFile; fileRef = 72649FE71C6E5FE600A81B04 /* Modules.cpp */; };
		72649FF21C6E5FE600A81B04 /* Printer.cpp in Sources */ = {isa = PBXBuildFile; fileRef = 72649FE91C6E5FE600A81B04 /* Printer.cpp */; };
		72649FF31C6E5FE600A81B04 /* Programs.cpp in Sources */ = {isa = PBXBuildFile; fileRef = 72649FEB1C6E5FE600A81B04 /* Programs.cpp */; };
/* End PBXBuildFile section */

/* Begin PBXCopyFilesBuildPhase section */
		72649FD81C6E5FBF00A81B04 /* CopyFiles */ = {
			isa = PBXCopyFilesBuildPhase;
			buildActionMask = 2147483647;
			dstPath = /usr/share/man/man1/;
			dstSubfolderSpec = 0;
			files = (
			);
			runOnlyForDeploymentPostprocessing = 1;
		};
/* End PBXCopyFilesBuildPhase section */

/* Begin PBXFileReference section */
		72649FDA1C6E5FBF00A81B04 /* src */ = {isa = PBXFileReference; explicitFileType = "compiled.mach-o.executable"; includeInIndex = 0; path = src; sourceTree = BUILT_PRODUCTS_DIR; };
		72649FE41C6E5FE600A81B04 /* GlobalVariables.cpp */ = {isa = PBXFileReference; fileEncoding = 4; lastKnownFileType = sourcecode.cpp.cpp; path = GlobalVariables.cpp; sourceTree = "<group>"; };
		72649FE51C6E5FE600A81B04 /* GlobalVariables.h */ = {isa = PBXFileReference; fileEncoding = 4; lastKnownFileType = sourcecode.c.h; path = GlobalVariables.h; sourceTree = "<group>"; };
		72649FE61C6E5FE600A81B04 /* main.cpp */ = {isa = PBXFileReference; fileEncoding = 4; lastKnownFileType = sourcecode.cpp.cpp; path = main.cpp; sourceTree = "<group>"; };
		72649FE71C6E5FE600A81B04 /* Modules.cpp */ = {isa = PBXFileReference; fileEncoding = 4; lastKnownFileType = sourcecode.cpp.cpp; path = Modules.cpp; sourceTree = "<group>"; };
		72649FE81C6E5FE600A81B04 /* Modules.h */ = {isa = PBXFileReference; fileEncoding = 4; lastKnownFileType = sourcecode.c.h; path = Modules.h; sourceTree = "<group>"; };
		72649FE91C6E5FE600A81B04 /* Printer.cpp */ = {isa = PBXFileReference; fileEncoding = 4; lastKnownFileType = sourcecode.cpp.cpp; path = Printer.cpp; sourceTree = "<group>"; };
		72649FEA1C6E5FE600A81B04 /* Printer.h */ = {isa = PBXFileReference; fileEncoding = 4; lastKnownFileType = sourcecode.c.h; path = Printer.h; sourceTree = "<group>"; };
		72649FEB1C6E5FE600A81B04 /* Programs.cpp */ = {isa = PBXFileReference; fileEncoding = 4; lastKnownFileType = sourcecode.cpp.cpp; path = Programs.cpp; sourceTree = "<group>"; };
		72649FEC1C6E5FE600A81B04 /* Programs.h */ = {isa = PBXFileReference; fileEncoding = 4; lastKnownFileType = sourcecode.c.h; path = Programs.h; sourceTree = "<group>"; };
		72649FED1C6E5FE600A81B04 /* setTable.txt */ = {isa = PBXFileReference; fileEncoding = 4; lastKnownFileType = text; path = setTable.txt; sourceTree = "<group>"; };
		72649FEE1C6E5FE600A81B04 /* setTableDescription.txt */ = {isa = PBXFileReference; fileEncoding = 4; lastKnownFileType = text; path = setTableDescription.txt; sourceTree = "<group>"; };
/* End PBXFileReference section */

/* Begin PBXFrameworksBuildPhase section */
		72649FD71C6E5FBF00A81B04 /* Frameworks */ = {
			isa = PBXFrameworksBuildPhase;
			buildActionMask = 2147483647;
			files = (
			);
			runOnlyForDeploymentPostprocessing = 0;
		};
/* End PBXFrameworksBuildPhase section */

/* Begin PBXGroup section */
		72649FD11C6E5FBF00A81B04 = {
			isa = PBXGroup;
			children = (
				72649FDC1C6E5FBF00A81B04 /* src */,
				72649FDB1C6E5FBF00A81B04 /* Products */,
			);
			sourceTree = "<group>";
		};
		72649FDB1C6E5FBF00A81B04 /* Products */ = {
			isa = PBXGroup;
			children = (
				72649FDA1C6E5FBF00A81B04 /* src */,
			);
			name = Products;
			sourceTree = "<group>";
		};
		72649FDC1C6E5FBF00A81B04 /* src */ = {
			isa = PBXGroup;
			children = (
				72649FE41C6E5FE600A81B04 /* GlobalVariables.cpp */,
				72649FE51C6E5FE600A81B04 /* GlobalVariables.h */,
				72649FE61C6E5FE600A81B04 /* main.cpp */,
				72649FE71C6E5FE600A81B04 /* Modules.cpp */,
				72649FE81C6E5FE600A81B04 /* Modules.h */,
				72649FE91C6E5FE600A81B04 /* Printer.cpp */,
				72649FEA1C6E5FE600A81B04 /* Printer.h */,
				72649FEB1C6E5FE600A81B04 /* Programs.cpp */,
				72649FEC1C6E5FE600A81B04 /* Programs.h */,
				72649FED1C6E5FE600A81B04 /* setTable.txt */,
				72649FEE1C6E5FE600A81B04 /* setTableDescription.txt */,
			);
			path = src;
			sourceTree = "<group>";
		};
/* End PBXGroup section */

/* Begin PBXNativeTarget section */
		72649FD91C6E5FBF00A81B04 /* src */ = {
			isa = PBXNativeTarget;
			buildConfigurationList = 72649FE11C6E5FBF00A81B04 /* Build configuration list for PBXNativeTarget "src" */;
			buildPhases = (
				72649FD61C6E5FBF00A81B04 /* Sources */,
				72649FD71C6E5FBF00A81B04 /* Frameworks */,
				72649FD81C6E5FBF00A81B04 /* CopyFiles */,
			);
			buildRules = (
			);
			dependencies = (
			);
			name = src;
			productName = src;
			productReference = 72649FDA1C6E5FBF00A81B04 /* src */;
			productType = "com.apple.product-type.tool";
		};
/* End PBXNativeTarget section */

/* Begin PBXProject section */
		72649FD21C6E5FBF00A81B04 /* Project object */ = {
			isa = PBXProject;
			attributes = {
				LastUpgradeCheck = 0720;
				ORGANIZATIONNAME = "Chin Ting Chan";
				TargetAttributes = {
					72649FD91C6E5FBF00A81B04 = {
						CreatedOnToolsVersion = 7.2.1;
					};
				};
			};
			buildConfigurationList = 72649FD51C6E5FBF00A81B04 /* Build configuration list for PBXProject "src" */;
			compatibilityVersion = "Xcode 3.2";
			developmentRegion = English;
			hasScannedForEncodings = 0;
			knownRegions = (
				en,
			);
			mainGroup = 72649FD11C6E5FBF00A81B04;
			productRefGroup = 72649FDB1C6E5FBF00A81B04 /* Products */;
			projectDirPath = "";
			projectRoot = "";
			targets = (
				72649FD91C6E5FBF00A81B04 /* src */,
			);
		};
/* End PBXProject section */

/* Begin PBXSourcesBuildPhase section */
		72649FD61C6E5FBF00A81B04 /* Sources */ = {
			isa = PBXSourcesBuildPhase;
			buildActionMask = 2147483647;
			files = (
				72649FF21C6E5FE600A81B04 /* Printer.cpp in Sources */,
				72649FF31C6E5FE600A81B04 /* Programs.cpp in Sources */,
				72649FF01C6E5FE600A81B04 /* main.cpp in Sources */,
				72649FF11C6E5FE600A81B04 /* Modules.cpp in Sources */,
				72649FEF1C6E5FE600A81B04 /* GlobalVariables.cpp in Sources */,
			);
			runOnlyForDeploymentPostprocessing = 0;
		};
/* End PBXSourcesBuildPhase section */

/* Begin XCBuildConfiguration section */
		72649FDF1C6E5FBF00A81B04 /* Debug */ = {
			isa = XCBuildConfiguration;
			buildSettings = {
				ALWAYS_SEARCH_USER_PATHS = NO;
				CLANG_CXX_LANGUAGE_STANDARD = "gnu++0x";
				CLANG_CXX_LIBRARY = "libc++";
				CLANG_ENABLE_MODULES = YES;
				CLANG_ENABLE_OBJC_ARC = YES;
				CLANG_WARN_BOOL_CONVERSION = YES;
				CLANG_WARN_CONSTANT_CONVERSION = YES;
				CLANG_WARN_DIRECT_OBJC_ISA_USAGE = YES_ERROR;
				CLANG_WARN_EMPTY_BODY = YES;
				CLANG_WARN_ENUM_CONVERSION = YES;
				CLANG_WARN_INT_CONVERSION = YES;
				CLANG_WARN_OBJC_ROOT_CLASS = YES_ERROR;
				CLANG_WARN_UNREACHABLE_CODE = YES;
				CLANG_WARN__DUPLICATE_METHOD_MATCH = YES;
				CODE_SIGN_IDENTITY = "-";
				COPY_PHASE_STRIP = NO;
				DEBUG_INFORMATION_FORMAT = dwarf;
				ENABLE_STRICT_OBJC_MSGSEND = YES;
				ENABLE_TESTABILITY = YES;
				GCC_C_LANGUAGE_STANDARD = gnu99;
				GCC_DYNAMIC_NO_PIC = NO;
				GCC_NO_COMMON_BLOCKS = YES;
				GCC_OPTIMIZATION_LEVEL = 0;
				GCC_PREPROCESSOR_DEFINITIONS = (
					"DEBUG=1",
					"$(inherited)",
				);
				GCC_WARN_64_TO_32_BIT_CONVERSION = YES;
				GCC_WARN_ABOUT_RETURN_TYPE = YES_ERROR;
				GCC_WARN_UNDECLARED_SELECTOR = YES;
				GCC_WARN_UNINITIALIZED_AUTOS = YES_AGGRESSIVE;
				GCC_WARN_UNUSED_FUNCTION = YES;
				GCC_WARN_UNUSED_VARIABLE = YES;
				MACOSX_DEPLOYMENT_TARGET = 10.11;
				MTL_ENABLE_DEBUG_INFO = YES;
				ONLY_ACTIVE_ARCH = YES;
				SDKROOT = macosx;
			};
			name = Debug;
		};
		72649FE01C6E5FBF00A81B04 /* Release */ = {
			isa = XCBuildConfiguration;
			buildSettings = {
				ALWAYS_SEARCH_USER_PATHS = NO;
				CLANG_CXX_LANGUAGE_STANDARD = "gnu++0x";
				CLANG_CXX_LIBRARY = "libc++";
				CLANG_ENABLE_MODULES = YES;
				CLANG_ENABLE_OBJC_ARC = YES;
				CLANG_WARN_BOOL_CONVERSION = YES;
				CLANG_WARN_CONSTANT_CONVERSION = YES;
				CLANG_WARN_DIRECT_OBJC_ISA_USAGE = YES_ERROR;
				CLANG_WARN_EMPTY_BODY = YES;
				CLANG_WARN_ENUM_CONVERSION = YES;
				CLANG_WARN_INT_CONVERSION = YES;
				CLANG_WARN_OBJC_ROOT_CLASS = YES_ERROR;
				CLANG_WARN_UNREACHABLE_CODE = YES;
				CLANG_WARN__DUPLICATE_METHOD_MATCH = YES;
				CODE_SIGN_IDENTITY = "-";
				COPY_PHASE_STRIP = NO;
				DEBUG_INFORMATION_FORMAT = "dwarf-with-dsym";
				ENABLE_NS_ASSERTIONS = NO;
				ENABLE_STRICT_OBJC_MSGSEND = YES;
				GCC_C_LANGUAGE_STANDARD = gnu99;
				GCC_NO_COMMON_BLOCKS = YES;
				GCC_WARN_64_TO_32_BIT_CONVERSION = YES;
				GCC_WARN_ABOUT_RETURN_TYPE = YES_ERROR;
				GCC_WARN_UNDECLARED_SELECTOR = YES;
				GCC_WARN_UNINITIALIZED_AUTOS = YES_AGGRESSIVE;
				GCC_WARN_UNUSED_FUNCTION = YES;
				GCC_WARN_UNUSED_VARIABLE = YES;
				MACOSX_DEPLOYMENT_TARGET = 10.11;
				MTL_ENABLE_DEBUG_INFO = NO;
				SDKROOT = macosx;
			};
			name = Release;
		};
		72649FE21C6E5FBF00A81B04 /* Debug */ = {
			isa = XCBuildConfiguration;
			buildSettings = {
				PRODUCT_NAME = "$(TARGET_NAME)";
			};
			name = Debug;
		};
		72649FE31C6E5FBF00A81B04 /* Release */ = {
			isa = XCBuildConfiguration;
			buildSettings = {
				PRODUCT_NAME = "$(TARGET_NAME)";
			};
			name = Release;
		};
/* End XCBuildConfiguration section */

/* Begin XCConfigurationList section */
		72649FD51C6E5FBF00A81B04 /* Build configuration list for PBXProject "src" */ = {
			isa = XCConfigurationList;
			buildConfigurations = (
				72649FDF1C6E5FBF00A81B04 /* Debug */,
				72649FE01C6E5FBF00A81B04 /* Release */,
			);
			defaultConfigurationIsVisible = 0;
			defaultConfigurationName = Release;
		};
		72649FE11C6E5FBF00A81B04 /* Build configuration list for PBXNativeTarget "src" */ = {
			isa = XCConfigurationList;
			buildConfigurations = (
				72649FE21C6E5FBF00A81B04 /* Debug */,
				72649FE31C6E5FBF00A81B04 /* Release */,
			);
			defaultConfigurationIsVisible = 0;
		};
/* End XCConfigurationList section */
	};
	rootObject = 72649FD21C6E5FBF00A81B04 /* Project object */;
}
